
Microsoft Visual Studio Solution File, Format Version 12.00
# Visual Studio Version 17
VisualStudioVersion = 17.11.35312.102
MinimumVisualStudioVersion = 10.0.40219.1
Project("{FAE04EC0-301F-11D3-BF4B-00C04F79EFBC}") = "App_MVC", "App_MVC.csproj", "{15BAF9CB-34F0-4716-8223-316AD5F88E3C}"
EndProject
Global
	GlobalSection(SolutionConfigurationPlatforms) = preSolution
		Debug|Any CPU = Debug|Any CPU
		Release|Any CPU = Release|Any CPU
	EndGlobalSection
	GlobalSection(ProjectConfigurationPlatforms) = postSolution
		{15BAF9CB-34F0-4716-8223-316AD5F88E3C}.Debug|Any CPU.ActiveCfg = Debug|Any CPU
		{15BAF9CB-34F0-4716-8223-316AD5F88E3C}.Debug|Any CPU.Build.0 = Debug|Any CPU
		{15BAF9CB-34F0-4716-8223-316AD5F88E3C}.Release|Any CPU.ActiveCfg = Release|Any CPU
		{15BAF9CB-34F0-4716-8223-316AD5F88E3C}.Release|Any CPU.Build.0 = Release|Any CPU
	EndGlobalSection
	GlobalSection(SolutionProperties) = preSolution
		HideSolutionNode = FALSE
	EndGlobalSection
	GlobalSection(ExtensibilityGlobals) = postSolution
		SolutionGuid = {2CBC5B54-FA02-4410-B790-BAEAB7B4646F}
	EndGlobalSection
EndGlobal
